
Microsoft Visual Studio Solution File, Format Version 12.00
# Visual Studio Version 16
VisualStudioVersion = 16.0.29806.167
MinimumVisualStudioVersion = 10.0.40219.1
Project("{FAE04EC0-301F-11D3-BF4B-00C04F79EFBC}") = "WFA_GlobalAlan", "WFA_GlobalAlan\WFA_GlobalAlan.csproj", "{3EA41A3F-F4C7-4894-8B3A-7546C89CB441}"
EndProject
Global
	GlobalSection(SolutionConfigurationPlatforms) = preSolution
		Debug|Any CPU = Debug|Any CPU
		Release|Any CPU = Release|Any CPU
	EndGlobalSection
	GlobalSection(ProjectConfigurationPlatforms) = postSolution
		{3EA41A3F-F4C7-4894-8B3A-7546C89CB441}.Debug|Any CPU.ActiveCfg = Debug|Any CPU
		{3EA41A3F-F4C7-4894-8B3A-7546C89CB441}.Debug|Any CPU.Build.0 = Debug|Any CPU
		{3EA41A3F-F4C7-4894-8B3A-7546C89CB441}.Release|Any CPU.ActiveCfg = Release|Any CPU
		{3EA41A3F-F4C7-4894-8B3A-7546C89CB441}.Release|Any CPU.Build.0 = Release|Any CPU
	EndGlobalSection
	GlobalSection(SolutionProperties) = preSolution
		HideSolutionNode = FALSE
	EndGlobalSection
	GlobalSection(ExtensibilityGlobals) = postSolution
		SolutionGuid = {3706E6E7-FFCB-4084-A76B-FE5A9F700FC4}
	EndGlobalSection
EndGlobal
